
Microsoft Visual Studio Solution File, Format Version 11.00
# Visual Studio 2010
Project("{8BC9CEB8-8B4A-11D0-8D11-00A0C91BC942}") = "CurlTest", "CurlTest.vcxproj", "{A018BDE9-EA96-4A1D-8C66-0E02F3D4DE12}"
EndProject
Global
	GlobalSection(SolutionConfigurationPlatforms) = preSolution
		Debug|Win32 = Debug|Win32
		Release|Win32 = Release|Win32
	EndGlobalSection
	GlobalSection(ProjectConfigurationPlatforms) = postSolution
		{A018BDE9-EA96-4A1D-8C66-0E02F3D4DE12}.Debug|Win32.ActiveCfg = Debug|Win32
		{A018BDE9-EA96-4A1D-8C66-0E02F3D4DE12}.Debug|Win32.Build.0 = Debug|Win32
		{A018BDE9-EA96-4A1D-8C66-0E02F3D4DE12}.Release|Win32.ActiveCfg = Release|Win32
		{A018BDE9-EA96-4A1D-8C66-0E02F3D4DE12}.Release|Win32.Build.0 = Release|Win32
	EndGlobalSection
	GlobalSection(SolutionProperties) = preSolution
		HideSolutionNode = FALSE
	EndGlobalSection
EndGlobal
